{
    "_readme": [
        "This file locks the dependencies of your project to a known state",
        "Read more about it at https://getcomposer.org/doc/01-basic-usage.md#installing-dependencies",
        "This file is @generated automatically"
    ],
    "content-hash": "0da973d726381e9308935774318f1229",
    "packages": [
        {
            "name": "avadim/qevix",
            "version": "v1.1.3",
            "source": {
                "type": "git",
                "url": "https://github.com/aVadim483/qevix.git",
                "reference": "cac162f958164da0eb6446d2d992369ffb3f5687"
            },
            "dist": {
                "type": "zip",
                "url": "https://api.github.com/repos/aVadim483/qevix/zipball/cac162f958164da0eb6446d2d992369ffb3f5687",
                "reference": "cac162f958164da0eb6446d2d992369ffb3f5687",
                "shasum": ""
            },
            "require": {
                "ext-mbstring": "*",
                "php": ">=5.6"
            },
            "require-dev": {
                "phpunit/phpunit": "^5.6"
            },
            "type": "library",
            "autoload": {
                "classmap": [
                    "src/Qevix.php"
                ]
            },
            "notification-url": "https://packagist.org/downloads/",
            "license": [
                "MIT"
            ],
            "authors": [
                {
                    "name": "Alexander Grom",
                    "homepage": "https://github.com/AlexanderGrom"
                },
                {
                    "name": "Vadim Shemarov aka aVadim"
                }
            ],
            "description": "Automatic filter HTML/XHTML",
            "homepage": "https://github.com/aVadim483/qevix",
            "keywords": [
                "html",
                "qevix",
                "xhtml"
            ],
            "time": "2020-09-17T14:29:11+00:00"
        },
        {
            "name": "claviska/simpleimage",
            "version": "3.3.4",
            "source": {
                "type": "git",
                "url": "https://github.com/claviska/SimpleImage.git",
                "reference": "3786d80af8e6d05e5e42f0350e5e5da5b92041a0"
            },
            "dist": {
                "type": "zip",
                "url": "https://api.github.com/repos/claviska/SimpleImage/zipball/3786d80af8e6d05e5e42f0350e5e5da5b92041a0",
                "reference": "3786d80af8e6d05e5e42f0350e5e5da5b92041a0",
                "shasum": ""
            },
            "require": {
                "ext-gd": "*",
                "league/color-extractor": "0.3.*",
                "php": ">=5.6.0"
            },
            "type": "library",
            "autoload": {
                "psr-0": {
                    "claviska": "src/"
                }
            },
            "notification-url": "https://packagist.org/downloads/",
            "license": [
                "MIT"
            ],
            "authors": [
                {
                    "name": "Cory LaViska",
                    "homepage": "http://www.abeautifulsite.net/",
                    "role": "Developer"
                }
            ],
            "description": "A PHP class that makes working with images as simple as possible.",
            "time": "2019-09-26T01:22:02+00:00"
        },
        {
            "name": "gabordemooij/redbean",
            "version": "dev-master",
            "source": {
                "type": "git",
                "url": "https://github.com/gabordemooij/redbean.git",
                "reference": "0652f9da8d96f732fa62b5b27e8eadb6e7d1c6e6"
            },
            "dist": {
                "type": "zip",
                "url": "https://api.github.com/repos/gabordemooij/redbean/zipball/0652f9da8d96f732fa62b5b27e8eadb6e7d1c6e6",
                "reference": "0652f9da8d96f732fa62b5b27e8eadb6e7d1c6e6",
                "shasum": ""
            },
            "require": {
                "php": ">=5.3.4"
            },
            "type": "library",
            "autoload": {
                "psr-4": {
                    "RedBeanPHP\\": "RedBeanPHP"
                }
            },
            "notification-url": "https://packagist.org/downloads/",
            "license": [
                "BSD-3-Clause"
            ],
            "authors": [
                {
                    "name": "Gabor de Mooij",
                    "email": "gabor@redbeanphp.com",
                    "homepage": "https://redbeanphp.com"
                }
            ],
            "description": "RedBeanPHP ORM",
            "homepage": "https://redbeanphp.com/",
            "keywords": [
                "orm"
            ],
            "time": "2020-05-29T14:12:49+00:00"
        },
        {
            "name": "league/color-extractor",
            "version": "0.3.2",
            "source": {
                "type": "git",
                "url": "https://github.com/thephpleague/color-extractor.git",
                "reference": "837086ec60f50c84c611c613963e4ad2e2aec806"
            },
            "dist": {
                "type": "zip",
                "url": "https://api.github.com/repos/thephpleague/color-extractor/zipball/837086ec60f50c84c611c613963e4ad2e2aec806",
                "reference": "837086ec60f50c84c611c613963e4ad2e2aec806",
                "shasum": ""
            },
            "require": {
                "ext-gd": "*",
                "php": ">=5.4.0"
            },
            "replace": {
                "matthecat/colorextractor": "*"
            },
            "require-dev": {
                "friendsofphp/php-cs-fixer": "~2",
                "phpunit/phpunit": "~5"
            },
            "type": "library",
            "autoload": {
                "psr-4": {
                    "": "src"
                }
            },
            "notification-url": "https://packagist.org/downloads/",
            "license": [
                "MIT"
            ],
            "authors": [
                {
                    "name": "Mathieu Lechat",
                    "email": "math.lechat@gmail.com",
                    "homepage": "http://matthecat.com",
                    "role": "Developer"
                }
            ],
            "description": "Extract colors from an image as a human would do.",
            "homepage": "https://github.com/thephpleague/color-extractor",
            "keywords": [
                "color",
                "extract",
                "human",
                "image",
                "palette"
            ],
            "time": "2016-12-15T09:30:02+00:00"
        },
        {
            "name": "mustache/mustache",
            "version": "v2.13.0",
            "source": {
                "type": "git",
                "url": "https://github.com/bobthecow/mustache.php.git",
                "reference": "e95c5a008c23d3151d59ea72484d4f72049ab7f4"
            },
            "dist": {
                "type": "zip",
                "url": "https://api.github.com/repos/bobthecow/mustache.php/zipball/e95c5a008c23d3151d59ea72484d4f72049ab7f4",
                "reference": "e95c5a008c23d3151d59ea72484d4f72049ab7f4",
                "shasum": ""
            },
            "require": {
                "php": ">=5.2.4"
            },
            "require-dev": {
                "friendsofphp/php-cs-fixer": "~1.11",
                "phpunit/phpunit": "~3.7|~4.0|~5.0"
            },
            "type": "library",
            "autoload": {
                "psr-0": {
                    "Mustache": "src/"
                }
            },
            "notification-url": "https://packagist.org/downloads/",
            "license": [
                "MIT"
            ],
            "authors": [
                {
                    "name": "Justin Hileman",
                    "email": "justin@justinhileman.info",
                    "homepage": "http://justinhileman.com"
                }
            ],
            "description": "A Mustache implementation in PHP.",
            "homepage": "https://github.com/bobthecow/mustache.php",
            "keywords": [
                "mustache",
                "templating"
            ],
            "time": "2019-11-23T21:40:31+00:00"
        },
        {
            "name": "phpmailer/phpmailer",
            "version": "v6.1.6",
            "source": {
                "type": "git",
                "url": "https://github.com/PHPMailer/PHPMailer.git",
                "reference": "c2796cb1cb99d7717290b48c4e6f32cb6c60b7b3"
            },
            "dist": {
                "type": "zip",
                "url": "https://api.github.com/repos/PHPMailer/PHPMailer/zipball/c2796cb1cb99d7717290b48c4e6f32cb6c60b7b3",
                "reference": "c2796cb1cb99d7717290b48c4e6f32cb6c60b7b3",
                "shasum": ""
            },
            "require": {
                "ext-ctype": "*",
                "ext-filter": "*",
                "php": ">=5.5.0"
            },
            "require-dev": {
                "doctrine/annotations": "^1.2",
                "friendsofphp/php-cs-fixer": "^2.2",
                "phpunit/phpunit": "^4.8 || ^5.7"
            },
            "suggest": {
                "ext-mbstring": "Needed to send email in multibyte encoding charset",
                "hayageek/oauth2-yahoo": "Needed for Yahoo XOAUTH2 authentication",
                "league/oauth2-google": "Needed for Google XOAUTH2 authentication",
                "psr/log": "For optional PSR-3 debug logging",
                "stevenmaguire/oauth2-microsoft": "Needed for Microsoft XOAUTH2 authentication",
                "symfony/polyfill-mbstring": "To support UTF-8 if the Mbstring PHP extension is not enabled (^1.2)"
            },
            "type": "library",
            "autoload": {
                "psr-4": {
                    "PHPMailer\\PHPMailer\\": "src/"
                }
            },
            "notification-url": "https://packagist.org/downloads/",
            "license": [
                "LGPL-2.1-only"
            ],
            "authors": [
                {
                    "name": "Marcus Bointon",
                    "email": "phpmailer@synchromedia.co.uk"
                },
                {
                    "name": "Jim Jagielski",
                    "email": "jimjag@gmail.com"
                },
                {
                    "name": "Andy Prevost",
                    "email": "codeworxtech@users.sourceforge.net"
                },
                {
                    "name": "Brent R. Matzelle"
                }
            ],
            "description": "PHPMailer is a full-featured email creation and transfer class for PHP",
            "funding": [
                {
                    "url": "https://github.com/synchro",
                    "type": "github"
                }
            ],
            "time": "2020-05-27T12:24:03+00:00"
        },
        {
            "name": "qevix/qevix",
            "version": "v0.4.3",
            "source": {
                "type": "git",
                "url": "https://github.com/AlexanderGrom/php-qevix.git",
                "reference": "8f58f925a4cb64eec290efbfeb734cfc19d5ba37"
            },
            "dist": {
                "type": "zip",
                "url": "https://api.github.com/repos/AlexanderGrom/php-qevix/zipball/8f58f925a4cb64eec290efbfeb734cfc19d5ba37",
                "reference": "8f58f925a4cb64eec290efbfeb734cfc19d5ba37",
                "shasum": ""
            },
            "require": {
                "ext-mbstring": "*",
                "php": ">=5.0.0"
            },
            "type": "library",
            "autoload": {
                "classmap": [
                    "qevix.php"
                ]
            },
            "notification-url": "https://packagist.org/downloads/",
            "license": [
                "MIT"
            ],
            "description": "Automatic filter HTML/XHTML",
            "homepage": "https://github.com/AlexanderGrom/php-qevix",
            "keywords": [
                "html",
                "qevix",
                "xhtml"
            ],
            "time": "2016-12-30T09:28:02+00:00"
        },
        {
            "name": "samdark/sitemap",
            "version": "2.2.1",
            "source": {
                "type": "git",
                "url": "https://github.com/samdark/sitemap.git",
                "reference": "dcfef471e79abca9d3c4d83dd6a7861cec1a596a"
            },
            "dist": {
                "type": "zip",
                "url": "https://api.github.com/repos/samdark/sitemap/zipball/dcfef471e79abca9d3c4d83dd6a7861cec1a596a",
                "reference": "dcfef471e79abca9d3c4d83dd6a7861cec1a596a",
                "shasum": ""
            },
            "require": {
                "ext-xmlwriter": "*",
                "php": ">=5.3.0"
            },
            "require-dev": {
                "phpunit/phpunit": "~4.4"
            },
            "type": "library",
            "autoload": {
                "psr-4": {
                    "samdark\\sitemap\\": ""
                }
            },
            "notification-url": "https://packagist.org/downloads/",
            "license": [
                "BSD-3-Clause"
            ],
            "authors": [
                {
                    "name": "Alexander Makarov",
                    "email": "sam@rmcreative.ru",
                    "homepage": "http://rmcreative.ru/"
                }
            ],
            "description": "Sitemap and sitemap index builder",
            "homepage": "https://github.com/samdark/sitemap",
            "keywords": [
                "Sitemap"
            ],
            "time": "2019-03-27T09:31:20+00:00"
        },
        {
            "name": "vlucas/valitron",
            "version": "v1.4.7",
            "source": {
                "type": "git",
                "url": "https://github.com/vlucas/valitron.git",
                "reference": "a03072bed1679660200766d134507a30193eaf6d"
            },
            "dist": {
                "type": "zip",
                "url": "https://api.github.com/repos/vlucas/valitron/zipball/a03072bed1679660200766d134507a30193eaf6d",
                "reference": "a03072bed1679660200766d134507a30193eaf6d",
                "shasum": ""
            },
            "require": {
                "php": ">=5.3.2"
            },
            "require-dev": {
                "phpunit/phpunit": "^4.8.35 || ^5.5 || ^6.5"
            },
            "suggest": {
                "ext-mbstring": "It can support the multiple bytes string length."
            },
            "type": "library",
            "autoload": {
                "psr-4": {
                    "Valitron\\": "src/Valitron"
                }
            },
            "notification-url": "https://packagist.org/downloads/",
            "license": [
                "BSD-3-Clause"
            ],
            "authors": [
                {
                    "name": "Vance Lucas",
                    "email": "vance@vancelucas.com",
                    "homepage": "http://www.vancelucas.com"
                }
            ],
            "description": "Simple, elegant, stand-alone validation library with NO dependencies",
            "homepage": "http://github.com/vlucas/valitron",
            "keywords": [
                "valid",
                "validation",
                "validator"
            ],
            "time": "2019-08-29T19:49:43+00:00"
        }
    ],
    "packages-dev": [],
    "aliases": [],
    "minimum-stability": "stable",
    "stability-flags": {
        "gabordemooij/redbean": 20
    },
    "prefer-stable": false,
    "prefer-lowest": false,
    "platform": [],
    "platform-dev": [],
    "plugin-api-version": "1.1.0"
}
